// !$*UTF8*$!
{
	archiveVersion = 1;
	classes = {
	};
	objectVersion = 50;
	objects = {

/* Begin PBXBuildFile section */
		C1D7970722335977002BCB49 /* AppDelegate.swift in Sources */ = {isa = PBXBuildFile; fileRef = C1D7970622335977002BCB49 /* AppDelegate.swift */; };
		C1D7970922335977002BCB49 /* ViewController.swift in Sources */ = {isa = PBXBuildFile; fileRef = C1D7970822335977002BCB49 /* ViewController.swift */; };
		C1D7970C22335977002BCB49 /* Main.storyboard in Resources */ = {isa = PBXBuildFile; fileRef = C1D7970A22335977002BCB49 /* Main.storyboard */; };
		C1D7970E22335979002BCB49 /* Assets.xcassets in Resources */ = {isa = PBXBuildFile; fileRef = C1D7970D22335979002BCB49 /* Assets.xcassets */; };
		C1D7971122335979002BCB49 /* LaunchScreen.storyboard in Resources */ = {isa = PBXBuildFile; fileRef = C1D7970F22335979002BCB49 /* LaunchScreen.storyboard */; };
		C1D7971A223359BD002BCB49 /* AppleMusicTableViewCell.swift in Sources */ = {isa = PBXBuildFile; fileRef = C1D79718223359BD002BCB49 /* AppleMusicTableViewCell.swift */; };
		C1D7971B223359BD002BCB49 /* AppleMusicTableViewCell.xib in Resources */ = {isa = PBXBuildFile; fileRef = C1D79719223359BD002BCB49 /* AppleMusicTableViewCell.xib */; };
		C1D7971E22335A85002BCB49 /* AppleMusicCollectionViewCell.swift in Sources */ = {isa = PBXBuildFile; fileRef = C1D7971C22335A85002BCB49 /* AppleMusicCollectionViewCell.swift */; };
		C1D7971F22335A85002BCB49 /* AppleMusicCollectionViewCell.xib in Resources */ = {isa = PBXBuildFile; fileRef = C1D7971D22335A85002BCB49 /* AppleMusicCollectionViewCell.xib */; };
		C1D7972122335F14002BCB49 /* 写真_正方形.jpg in Resources */ = {isa = PBXBuildFile; fileRef = C1D7972022335F14002BCB49 /* 写真_正方形.jpg */; };
/* End PBXBuildFile section */

/* Begin PBXFileReference section */
		C1D7970322335977002BCB49 /* AppleMusicSample.app */ = {isa = PBXFileReference; explicitFileType = wrapper.application; includeInIndex = 0; path = AppleMusicSample.app; sourceTree = BUILT_PRODUCTS_DIR; };
		C1D7970622335977002BCB49 /* AppDelegate.swift */ = {isa = PBXFileReference; lastKnownFileType = sourcecode.swift; path = AppDelegate.swift; sourceTree = "<group>"; };
		C1D7970822335977002BCB49 /* ViewController.swift */ = {isa = PBXFileReference; lastKnownFileType = sourcecode.swift; path = ViewController.swift; sourceTree = "<group>"; };
		C1D7970B22335977002BCB49 /* Base */ = {isa = PBXFileReference; lastKnownFileType = file.storyboard; name = Base; path = Base.lproj/Main.storyboard; sourceTree = "<group>"; };
		C1D7970D22335979002BCB49 /* Assets.xcassets */ = {isa = PBXFileReference; lastKnownFileType = folder.assetcatalog; path = Assets.xcassets; sourceTree = "<group>"; };
		C1D7971022335979002BCB49 /* Base */ = {isa = PBXFileReference; lastKnownFileType = file.storyboard; name = Base; path = Base.lproj/LaunchScreen.storyboard; sourceTree = "<group>"; };
		C1D7971222335979002BCB49 /* Info.plist */ = {isa = PBXFileReference; lastKnownFileType = text.plist.xml; path = Info.plist; sourceTree = "<group>"; };
		C1D79718223359BD002BCB49 /* AppleMusicTableViewCell.swift */ = {isa = PBXFileReference; lastKnownFileType = sourcecode.swift; path = AppleMusicTableViewCell.swift; sourceTree = "<group>"; };
		C1D79719223359BD002BCB49 /* AppleMusicTableViewCell.xib */ = {isa = PBXFileReference; lastKnownFileType = file.xib; path = AppleMusicTableViewCell.xib; sourceTree = "<group>"; };
		C1D7971C22335A85002BCB49 /* AppleMusicCollectionViewCell.swift */ = {isa = PBXFileReference; lastKnownFileType = sourcecode.swift; path = AppleMusicCollectionViewCell.swift; sourceTree = "<group>"; };
		C1D7971D22335A85002BCB49 /* AppleMusicCollectionViewCell.xib */ = {isa = PBXFileReference; lastKnownFileType = file.xib; path = AppleMusicCollectionViewCell.xib; sourceTree = "<group>"; };
		C1D7972022335F14002BCB49 /* 写真_正方形.jpg */ = {isa = PBXFileReference; lastKnownFileType = image.jpeg; path = "写真_正方形.jpg"; sourceTree = "<group>"; };
/* End PBXFileReference section */

/* Begin PBXFrameworksBuildPhase section */
		C1D7970022335977002BCB49 /* Frameworks */ = {
			isa = PBXFrameworksBuildPhase;
			buildActionMask = 2147483647;
			files = (
			);
			runOnlyForDeploymentPostprocessing = 0;
		};
/* End PBXFrameworksBuildPhase section */

/* Begin PBXGroup section */
		C1D796FA22335976002BCB49 = {
			isa = PBXGroup;
			children = (
				C1D7970522335977002BCB49 /* AppleMusicSample */,
				C1D7970422335977002BCB49 /* Products */,
			);
			sourceTree = "<group>";
		};
		C1D7970422335977002BCB49 /* Products */ = {
			isa = PBXGroup;
			children = (
				C1D7970322335977002BCB49 /* AppleMusicSample.app */,
			);
			name = Products;
			sourceTree = "<group>";
		};
		C1D7970522335977002BCB49 /* AppleMusicSample */ = {
			isa = PBXGroup;
			children = (
				C1D7972022335F14002BCB49 /* 写真_正方形.jpg */,
				C1D7970622335977002BCB49 /* AppDelegate.swift */,
				C1D7970822335977002BCB49 /* ViewController.swift */,
				C1D79718223359BD002BCB49 /* AppleMusicTableViewCell.swift */,
				C1D79719223359BD002BCB49 /* AppleMusicTableViewCell.xib */,
				C1D7971C22335A85002BCB49 /* AppleMusicCollectionViewCell.swift */,
				C1D7971D22335A85002BCB49 /* AppleMusicCollectionViewCell.xib */,
				C1D7970A22335977002BCB49 /* Main.storyboard */,
				C1D7970D22335979002BCB49 /* Assets.xcassets */,
				C1D7970F22335979002BCB49 /* LaunchScreen.storyboard */,
				C1D7971222335979002BCB49 /* Info.plist */,
			);
			path = AppleMusicSample;
			sourceTree = "<group>";
		};
/* End PBXGroup section */

/* Begin PBXNativeTarget section */
		C1D7970222335977002BCB49 /* AppleMusicSample */ = {
			isa = PBXNativeTarget;
			buildConfigurationList = C1D7971522335979002BCB49 /* Build configuration list for PBXNativeTarget "AppleMusicSample" */;
			buildPhases = (
				C1D796FF22335977002BCB49 /* Sources */,
				C1D7970022335977002BCB49 /* Frameworks */,
				C1D7970122335977002BCB49 /* Resources */,
			);
			buildRules = (
			);
			dependencies = (
			);
			name = AppleMusicSample;
			productName = AppleMusicSample;
			productReference = C1D7970322335977002BCB49 /* AppleMusicSample.app */;
			productType = "com.apple.product-type.application";
		};
/* End PBXNativeTarget section */

/* Begin PBXProject section */
		C1D796FB22335976002BCB49 /* Project object */ = {
			isa = PBXProject;
			attributes = {
				LastSwiftUpdateCheck = 1010;
				LastUpgradeCheck = 1010;
				ORGANIZATIONNAME = TakaoAtsushi;
				TargetAttributes = {
					C1D7970222335977002BCB49 = {
						CreatedOnToolsVersion = 10.1;
					};
				};
			};
			buildConfigurationList = C1D796FE22335976002BCB49 /* Build configuration list for PBXProject "AppleMusicSample" */;
			compatibilityVersion = "Xcode 9.3";
			developmentRegion = en;
			hasScannedForEncodings = 0;
			knownRegions = (
				en,
				Base,
			);
			mainGroup = C1D796FA22335976002BCB49;
			productRefGroup = C1D7970422335977002BCB49 /* Products */;
			projectDirPath = "";
			projectRoot = "";
			targets = (
				C1D7970222335977002BCB49 /* AppleMusicSample */,
			);
		};
/* End PBXProject section */

/* Begin PBXResourcesBuildPhase section */
		C1D7970122335977002BCB49 /* Resources */ = {
			isa = PBXResourcesBuildPhase;
			buildActionMask = 2147483647;
			files = (
				C1D7971F22335A85002BCB49 /* AppleMusicCollectionViewCell.xib in Resources */,
				C1D7971122335979002BCB49 /* LaunchScreen.storyboard in Resources */,
				C1D7972122335F14002BCB49 /* 写真_正方形.jpg in Resources */,
				C1D7970E22335979002BCB49 /* Assets.xcassets in Resources */,
				C1D7971B223359BD002BCB49 /* AppleMusicTableViewCell.xib in Resources */,
				C1D7970C22335977002BCB49 /* Main.storyboard in Resources */,
			);
			runOnlyForDeploymentPostprocessing = 0;
		};
/* End PBXResourcesBuildPhase section */

/* Begin PBXSourcesBuildPhase section */
		C1D796FF22335977002BCB49 /* Sources */ = {
			isa = PBXSourcesBuildPhase;
			buildActionMask = 2147483647;
			files = (
				C1D7970922335977002BCB49 /* ViewController.swift in Sources */,
				C1D7971A223359BD002BCB49 /* AppleMusicTableViewCell.swift in Sources */,
				C1D7970722335977002BCB49 /* AppDelegate.swift in Sources */,
				C1D7971E22335A85002BCB49 /* AppleMusicCollectionViewCell.swift in Sources */,
			);
			runOnlyForDeploymentPostprocessing = 0;
		};
/* End PBXSourcesBuildPhase section */

/* Begin PBXVariantGroup section */
		C1D7970A22335977002BCB49 /* Main.storyboard */ = {
			isa = PBXVariantGroup;
			children = (
				C1D7970B22335977002BCB49 /* Base */,
			);
			name = Main.storyboard;
			sourceTree = "<group>";
		};
		C1D7970F22335979002BCB49 /* LaunchScreen.storyboard */ = {
			isa = PBXVariantGroup;
			children = (
				C1D7971022335979002BCB49 /* Base */,
			);
			name = LaunchScreen.storyboard;
			sourceTree = "<group>";
		};
/* End PBXVariantGroup section */

/* Begin XCBuildConfiguration section */
		C1D7971322335979002BCB49 /* Debug */ = {
			isa = XCBuildConfiguration;
			buildSettings = {
				ALWAYS_SEARCH_USER_PATHS = NO;
				CLANG_ANALYZER_NONNULL = YES;
				CLANG_ANALYZER_NUMBER_OBJECT_CONVERSION = YES_AGGRESSIVE;
				CLANG_CXX_LANGUAGE_STANDARD = "gnu++14";
				CLANG_CXX_LIBRARY = "libc++";
				CLANG_ENABLE_MODULES = YES;
				CLANG_ENABLE_OBJC_ARC = YES;
				CLANG_ENABLE_OBJC_WEAK = YES;
				CLANG_WARN_BLOCK_CAPTURE_AUTORELEASING = YES;
				CLANG_WARN_BOOL_CONVERSION = YES;
				CLANG_WARN_COMMA = YES;
				CLANG_WARN_CONSTANT_CONVERSION = YES;
				CLANG_WARN_DEPRECATED_OBJC_IMPLEMENTATIONS = YES;
				CLANG_WARN_DIRECT_OBJC_ISA_USAGE = YES_ERROR;
				CLANG_WARN_DOCUMENTATION_COMMENTS = YES;
				CLANG_WARN_EMPTY_BODY = YES;
				CLANG_WARN_ENUM_CONVERSION = YES;
				CLANG_WARN_INFINITE_RECURSION = YES;
				CLANG_WARN_INT_CONVERSION = YES;
				CLANG_WARN_NON_LITERAL_NULL_CONVERSION = YES;
				CLANG_WARN_OBJC_IMPLICIT_RETAIN_SELF = YES;
				CLANG_WARN_OBJC_LITERAL_CONVERSION = YES;
				CLANG_WARN_OBJC_ROOT_CLASS = YES_ERROR;
				CLANG_WARN_RANGE_LOOP_ANALYSIS = YES;
				CLANG_WARN_STRICT_PROTOTYPES = YES;
				CLANG_WARN_SUSPICIOUS_MOVE = YES;
				CLANG_WARN_UNGUARDED_AVAILABILITY = YES_AGGRESSIVE;
				CLANG_WARN_UNREACHABLE_CODE = YES;
				CLANG_WARN__DUPLICATE_METHOD_MATCH = YES;
				CODE_SIGN_IDENTITY = "iPhone Developer";
				COPY_PHASE_STRIP = NO;
				DEBUG_INFORMATION_FORMAT = dwarf;
				ENABLE_STRICT_OBJC_MSGSEND = YES;
				ENABLE_TESTABILITY = YES;
				GCC_C_LANGUAGE_STANDARD = gnu11;
				GCC_DYNAMIC_NO_PIC = NO;
				GCC_NO_COMMON_BLOCKS = YES;
				GCC_OPTIMIZATION_LEVEL = 0;
				GCC_PREPROCESSOR_DEFINITIONS = (
					"DEBUG=1",
					"$(inherited)",
				);
				GCC_WARN_64_TO_32_BIT_CONVERSION = YES;
				GCC_WARN_ABOUT_RETURN_TYPE = YES_ERROR;
				GCC_WARN_UNDECLARED_SELECTOR = YES;
				GCC_WARN_UNINITIALIZED_AUTOS = YES_AGGRESSIVE;
				GCC_WARN_UNUSED_FUNCTION = YES;
				GCC_WARN_UNUSED_VARIABLE = YES;
				IPHONEOS_DEPLOYMENT_TARGET = 12.1;
				MTL_ENABLE_DEBUG_INFO = INCLUDE_SOURCE;
				MTL_FAST_MATH = YES;
				ONLY_ACTIVE_ARCH = YES;
				SDKROOT = iphoneos;
				SWIFT_ACTIVE_COMPILATION_CONDITIONS = DEBUG;
				SWIFT_OPTIMIZATION_LEVEL = "-Onone";
			};
			name = Debug;
		};
		C1D7971422335979002BCB49 /* Release */ = {
			isa = XCBuildConfiguration;
			buildSettings = {
				ALWAYS_SEARCH_USER_PATHS = NO;
				CLANG_ANALYZER_NONNULL = YES;
				CLANG_ANALYZER_NUMBER_OBJECT_CONVERSION = YES_AGGRESSIVE;
				CLANG_CXX_LANGUAGE_STANDARD = "gnu++14";
				CLANG_CXX_LIBRARY = "libc++";
				CLANG_ENABLE_MODULES = YES;
				CLANG_ENABLE_OBJC_ARC = YES;
				CLANG_ENABLE_OBJC_WEAK = YES;
				CLANG_WARN_BLOCK_CAPTURE_AUTORELEASING = YES;
				CLANG_WARN_BOOL_CONVERSION = YES;
				CLANG_WARN_COMMA = YES;
				CLANG_WARN_CONSTANT_CONVERSION = YES;
				CLANG_WARN_DEPRECATED_OBJC_IMPLEMENTATIONS = YES;
				CLANG_WARN_DIRECT_OBJC_ISA_USAGE = YES_ERROR;
				CLANG_WARN_DOCUMENTATION_COMMENTS = YES;
				CLANG_WARN_EMPTY_BODY = YES;
				CLANG_WARN_ENUM_CONVERSION = YES;
				CLANG_WARN_INFINITE_RECURSION = YES;
				CLANG_WARN_INT_CONVERSION = YES;
				CLANG_WARN_NON_LITERAL_NULL_CONVERSION = YES;
				CLANG_WARN_OBJC_IMPLICIT_RETAIN_SELF = YES;
				CLANG_WARN_OBJC_LITERAL_CONVERSION = YES;
				CLANG_WARN_OBJC_ROOT_CLASS = YES_ERROR;
				CLANG_WARN_RANGE_LOOP_ANALYSIS = YES;
				CLANG_WARN_STRICT_PROTOTYPES = YES;
				CLANG_WARN_SUSPICIOUS_MOVE = YES;
				CLANG_WARN_UNGUARDED_AVAILABILITY = YES_AGGRESSIVE;
				CLANG_WARN_UNREACHABLE_CODE = YES;
				CLANG_WARN__DUPLICATE_METHOD_MATCH = YES;
				CODE_SIGN_IDENTITY = "iPhone Developer";
				COPY_PHASE_STRIP = NO;
				DEBUG_INFORMATION_FORMAT = "dwarf-with-dsym";
				ENABLE_NS_ASSERTIONS = NO;
				ENABLE_STRICT_OBJC_MSGSEND = YES;
				GCC_C_LANGUAGE_STANDARD = gnu11;
				GCC_NO_COMMON_BLOCKS = YES;
				GCC_WARN_64_TO_32_BIT_CONVERSION = YES;
				GCC_WARN_ABOUT_RETURN_TYPE = YES_ERROR;
				GCC_WARN_UNDECLARED_SELECTOR = YES;
				GCC_WARN_UNINITIALIZED_AUTOS = YES_AGGRESSIVE;
				GCC_WARN_UNUSED_FUNCTION = YES;
				GCC_WARN_UNUSED_VARIABLE = YES;
				IPHONEOS_DEPLOYMENT_TARGET = 12.1;
				MTL_ENABLE_DEBUG_INFO = NO;
				MTL_FAST_MATH = YES;
				SDKROOT = iphoneos;
				SWIFT_COMPILATION_MODE = wholemodule;
				SWIFT_OPTIMIZATION_LEVEL = "-O";
				VALIDATE_PRODUCT = YES;
			};
			name = Release;
		};
		C1D7971622335979002BCB49 /* Debug */ = {
			isa = XCBuildConfiguration;
			buildSettings = {
				ASSETCATALOG_COMPILER_APPICON_NAME = AppIcon;
				CODE_SIGN_STYLE = Automatic;
				DEVELOPMENT_TEAM = 3E76788VZ5;
				INFOPLIST_FILE = AppleMusicSample/Info.plist;
				LD_RUNPATH_SEARCH_PATHS = (
					"$(inherited)",
					"@executable_path/Frameworks",
				);
				PRODUCT_BUNDLE_IDENTIFIER = com.TakaoAtsushi.AppleMusicSample;
				PRODUCT_NAME = "$(TARGET_NAME)";
				SWIFT_VERSION = 4.2;
				TARGETED_DEVICE_FAMILY = "1,2";
			};
			name = Debug;
		};
		C1D7971722335979002BCB49 /* Release */ = {
			isa = XCBuildConfiguration;
			buildSettings = {
				ASSETCATALOG_COMPILER_APPICON_NAME = AppIcon;
				CODE_SIGN_STYLE = Automatic;
				DEVELOPMENT_TEAM = 3E76788VZ5;
				INFOPLIST_FILE = AppleMusicSample/Info.plist;
				LD_RUNPATH_SEARCH_PATHS = (
					"$(inherited)",
					"@executable_path/Frameworks",
				);
				PRODUCT_BUNDLE_IDENTIFIER = com.TakaoAtsushi.AppleMusicSample;
				PRODUCT_NAME = "$(TARGET_NAME)";
				SWIFT_VERSION = 4.2;
				TARGETED_DEVICE_FAMILY = "1,2";
			};
			name = Release;
		};
/* End XCBuildConfiguration section */

/* Begin XCConfigurationList section */
		C1D796FE22335976002BCB49 /* Build configuration list for PBXProject "AppleMusicSample" */ = {
			isa = XCConfigurationList;
			buildConfigurations = (
				C1D7971322335979002BCB49 /* Debug */,
				C1D7971422335979002BCB49 /* Release */,
			);
			defaultConfigurationIsVisible = 0;
			defaultConfigurationName = Release;
		};
		C1D7971522335979002BCB49 /* Build configuration list for PBXNativeTarget "AppleMusicSample" */ = {
			isa = XCConfigurationList;
			buildConfigurations = (
				C1D7971622335979002BCB49 /* Debug */,
				C1D7971722335979002BCB49 /* Release */,
			);
			defaultConfigurationIsVisible = 0;
			defaultConfigurationName = Release;
		};
/* End XCConfigurationList section */
	};
	rootObject = C1D796FB22335976002BCB49 /* Project object */;
}
